{
    "_readme": [
        "This file locks the dependencies of your project to a known state",
        "Read more about it at http://getcomposer.org/doc/01-basic-usage.md#composer-lock-the-lock-file"
    ],
    "hash": "929fd2a36c389eb5a6d68a87a5971616",
    "packages": [
        {
            "name": "modern-media/wp-lib",
            "version": "dev-master",
            "source": {
                "type": "git",
                "url": "https://github.com/modern-media/wp-lib.git",
                "reference": "0d432986eca642da6a53bc4dffdb2868f1ec9281"
            },
            "dist": {
                "type": "zip",
                "url": "https://api.github.com/repos/modern-media/wp-lib/zipball/0d432986eca642da6a53bc4dffdb2868f1ec9281",
                "reference": "0d432986eca642da6a53bc4dffdb2868f1ec9281",
                "shasum": ""
            },
            "type": "library",
            "autoload": {
                "psr-0": {
                    "ModernMedia\\": "src/"
                }
            },
            "description": "WordPress patterns and utilities.",
            "support": {
                "source": "https://github.com/modern-media/wp-lib/tree/master",
                "issues": "https://github.com/modern-media/wp-lib/issues"
            },
            "time": "2013-12-23 04:03:29"
        }
    ],
    "packages-dev": [

    ],
    "aliases": [

    ],
    "minimum-stability": "stable",
    "stability-flags": {
        "modern-media/wp-lib": 20
    },
    "platform": [

    ],
    "platform-dev": [

    ]
}
